// !$*UTF8*$!
{
	archiveVersion = 1;
	classes = {
	};
	objectVersion = 56;
	objects = {

/* Begin PBXBuildFile section */
		61FA26592BF3B1DD00A9B04F /* CoinApp.swift in Sources */ = {isa = PBXBuildFile; fileRef = 61FA26582BF3B1DD00A9B04F /* CoinApp.swift */; };
		61FA265D2BF3B1DF00A9B04F /* Assets.xcassets in Resources */ = {isa = PBXBuildFile; fileRef = 61FA265C2BF3B1DF00A9B04F /* Assets.xcassets */; };
		61FA26602BF3B1DF00A9B04F /* Preview Assets.xcassets in Resources */ = {isa = PBXBuildFile; fileRef = 61FA265F2BF3B1DF00A9B04F /* Preview Assets.xcassets */; };
		61FA266A2BF3B1E000A9B04F /* CoinTests.swift in Sources */ = {isa = PBXBuildFile; fileRef = 61FA26692BF3B1E000A9B04F /* CoinTests.swift */; };
		61FA26742BF3B1E000A9B04F /* CoinUITests.swift in Sources */ = {isa = PBXBuildFile; fileRef = 61FA26732BF3B1E000A9B04F /* CoinUITests.swift */; };
		61FA26762BF3B1E000A9B04F /* CoinUITestsLaunchTests.swift in Sources */ = {isa = PBXBuildFile; fileRef = 61FA26752BF3B1E000A9B04F /* CoinUITestsLaunchTests.swift */; };
		61FA26842BF3B65200A9B04F /* WebSocketManager.swift in Sources */ = {isa = PBXBuildFile; fileRef = 61FA26832BF3B65200A9B04F /* WebSocketManager.swift */; };
		61FA26872BF3BA0E00A9B04F /* OrderBook.swift in Sources */ = {isa = PBXBuildFile; fileRef = 61FA26862BF3BA0E00A9B04F /* OrderBook.swift */; };
/* End PBXBuildFile section */

/* Begin PBXContainerItemProxy section */
		61FA26662BF3B1E000A9B04F /* PBXContainerItemProxy */ = {
			isa = PBXContainerItemProxy;
			containerPortal = 61FA264D2BF3B1DD00A9B04F /* Project object */;
			proxyType = 1;
			remoteGlobalIDString = 61FA26542BF3B1DD00A9B04F;
			remoteInfo = Coin;
		};
		61FA26702BF3B1E000A9B04F /* PBXContainerItemProxy */ = {
			isa = PBXContainerItemProxy;
			containerPortal = 61FA264D2BF3B1DD00A9B04F /* Project object */;
			proxyType = 1;
			remoteGlobalIDString = 61FA26542BF3B1DD00A9B04F;
			remoteInfo = Coin;
		};
/* End PBXContainerItemProxy section */

/* Begin PBXFileReference section */
		61FA26552BF3B1DD00A9B04F /* Coin.app */ = {isa = PBXFileReference; explicitFileType = wrapper.application; includeInIndex = 0; path = Coin.app; sourceTree = BUILT_PRODUCTS_DIR; };
		61FA26582BF3B1DD00A9B04F /* CoinApp.swift */ = {isa = PBXFileReference; lastKnownFileType = sourcecode.swift; path = CoinApp.swift; sourceTree = "<group>"; };
		61FA265C2BF3B1DF00A9B04F /* Assets.xcassets */ = {isa = PBXFileReference; lastKnownFileType = folder.assetcatalog; path = Assets.xcassets; sourceTree = "<group>"; };
		61FA265F2BF3B1DF00A9B04F /* Preview Assets.xcassets */ = {isa = PBXFileReference; lastKnownFileType = folder.assetcatalog; path = "Preview Assets.xcassets"; sourceTree = "<group>"; };
		61FA26652BF3B1E000A9B04F /* CoinTests.xctest */ = {isa = PBXFileReference; explicitFileType = wrapper.cfbundle; includeInIndex = 0; path = CoinTests.xctest; sourceTree = BUILT_PRODUCTS_DIR; };
		61FA26692BF3B1E000A9B04F /* CoinTests.swift */ = {isa = PBXFileReference; lastKnownFileType = sourcecode.swift; path = CoinTests.swift; sourceTree = "<group>"; };
		61FA266F2BF3B1E000A9B04F /* CoinUITests.xctest */ = {isa = PBXFileReference; explicitFileType = wrapper.cfbundle; includeInIndex = 0; path = CoinUITests.xctest; sourceTree = BUILT_PRODUCTS_DIR; };
		61FA26732BF3B1E000A9B04F /* CoinUITests.swift */ = {isa = PBXFileReference; lastKnownFileType = sourcecode.swift; path = CoinUITests.swift; sourceTree = "<group>"; };
		61FA26752BF3B1E000A9B04F /* CoinUITestsLaunchTests.swift */ = {isa = PBXFileReference; lastKnownFileType = sourcecode.swift; path = CoinUITestsLaunchTests.swift; sourceTree = "<group>"; };
		61FA26832BF3B65200A9B04F /* WebSocketManager.swift */ = {isa = PBXFileReference; lastKnownFileType = sourcecode.swift; path = WebSocketManager.swift; sourceTree = "<group>"; };
		61FA26862BF3BA0E00A9B04F /* OrderBook.swift */ = {isa = PBXFileReference; lastKnownFileType = sourcecode.swift; path = OrderBook.swift; sourceTree = "<group>"; };
/* End PBXFileReference section */

/* Begin PBXFrameworksBuildPhase section */
		61FA26522BF3B1DD00A9B04F /* Frameworks */ = {
			isa = PBXFrameworksBuildPhase;
			buildActionMask = 2147483647;
			files = (
			);
			runOnlyForDeploymentPostprocessing = 0;
		};
		61FA26622BF3B1E000A9B04F /* Frameworks */ = {
			isa = PBXFrameworksBuildPhase;
			buildActionMask = 2147483647;
			files = (
			);
			runOnlyForDeploymentPostprocessing = 0;
		};
		61FA266C2BF3B1E000A9B04F /* Frameworks */ = {
			isa = PBXFrameworksBuildPhase;
			buildActionMask = 2147483647;
			files = (
			);
			runOnlyForDeploymentPostprocessing = 0;
		};
/* End PBXFrameworksBuildPhase section */

/* Begin PBXGroup section */
		61FA264C2BF3B1DD00A9B04F = {
			isa = PBXGroup;
			children = (
				61FA26572BF3B1DD00A9B04F /* Coin */,
				61FA26682BF3B1E000A9B04F /* CoinTests */,
				61FA26722BF3B1E000A9B04F /* CoinUITests */,
				61FA26562BF3B1DD00A9B04F /* Products */,
			);
			sourceTree = "<group>";
		};
		61FA26562BF3B1DD00A9B04F /* Products */ = {
			isa = PBXGroup;
			children = (
				61FA26552BF3B1DD00A9B04F /* Coin.app */,
				61FA26652BF3B1E000A9B04F /* CoinTests.xctest */,
				61FA266F2BF3B1E000A9B04F /* CoinUITests.xctest */,
			);
			name = Products;
			sourceTree = "<group>";
		};
		61FA26572BF3B1DD00A9B04F /* Coin */ = {
			isa = PBXGroup;
			children = (
				61FA26852BF3B9FE00A9B04F /* Model */,
				61FA26822BF3B63F00A9B04F /* Network */,
				61FA26582BF3B1DD00A9B04F /* CoinApp.swift */,
				61FA265C2BF3B1DF00A9B04F /* Assets.xcassets */,
				61FA265E2BF3B1DF00A9B04F /* Preview Content */,
			);
			path = Coin;
			sourceTree = "<group>";
		};
		61FA265E2BF3B1DF00A9B04F /* Preview Content */ = {
			isa = PBXGroup;
			children = (
				61FA265F2BF3B1DF00A9B04F /* Preview Assets.xcassets */,
			);
			path = "Preview Content";
			sourceTree = "<group>";
		};
		61FA26682BF3B1E000A9B04F /* CoinTests */ = {
			isa = PBXGroup;
			children = (
				61FA26692BF3B1E000A9B04F /* CoinTests.swift */,
			);
			path = CoinTests;
			sourceTree = "<group>";
		};
		61FA26722BF3B1E000A9B04F /* CoinUITests */ = {
			isa = PBXGroup;
			children = (
				61FA26732BF3B1E000A9B04F /* CoinUITests.swift */,
				61FA26752BF3B1E000A9B04F /* CoinUITestsLaunchTests.swift */,
			);
			path = CoinUITests;
			sourceTree = "<group>";
		};
		61FA26822BF3B63F00A9B04F /* Network */ = {
			isa = PBXGroup;
			children = (
				61FA26832BF3B65200A9B04F /* WebSocketManager.swift */,
			);
			path = Network;
			sourceTree = "<group>";
		};
		61FA26852BF3B9FE00A9B04F /* Model */ = {
			isa = PBXGroup;
			children = (
				61FA26862BF3BA0E00A9B04F /* OrderBook.swift */,
			);
			path = Model;
			sourceTree = "<group>";
		};
/* End PBXGroup section */

/* Begin PBXNativeTarget section */
		61FA26542BF3B1DD00A9B04F /* Coin */ = {
			isa = PBXNativeTarget;
			buildConfigurationList = 61FA26792BF3B1E000A9B04F /* Build configuration list for PBXNativeTarget "Coin" */;
			buildPhases = (
				61FA26512BF3B1DD00A9B04F /* Sources */,
				61FA26522BF3B1DD00A9B04F /* Frameworks */,
				61FA26532BF3B1DD00A9B04F /* Resources */,
			);
			buildRules = (
			);
			dependencies = (
			);
			name = Coin;
			productName = Coin;
			productReference = 61FA26552BF3B1DD00A9B04F /* Coin.app */;
			productType = "com.apple.product-type.application";
		};
		61FA26642BF3B1E000A9B04F /* CoinTests */ = {
			isa = PBXNativeTarget;
			buildConfigurationList = 61FA267C2BF3B1E000A9B04F /* Build configuration list for PBXNativeTarget "CoinTests" */;
			buildPhases = (
				61FA26612BF3B1E000A9B04F /* Sources */,
				61FA26622BF3B1E000A9B04F /* Frameworks */,
				61FA26632BF3B1E000A9B04F /* Resources */,
			);
			buildRules = (
			);
			dependencies = (
				61FA26672BF3B1E000A9B04F /* PBXTargetDependency */,
			);
			name = CoinTests;
			productName = CoinTests;
			productReference = 61FA26652BF3B1E000A9B04F /* CoinTests.xctest */;
			productType = "com.apple.product-type.bundle.unit-test";
		};
		61FA266E2BF3B1E000A9B04F /* CoinUITests */ = {
			isa = PBXNativeTarget;
			buildConfigurationList = 61FA267F2BF3B1E000A9B04F /* Build configuration list for PBXNativeTarget "CoinUITests" */;
			buildPhases = (
				61FA266B2BF3B1E000A9B04F /* Sources */,
				61FA266C2BF3B1E000A9B04F /* Frameworks */,
				61FA266D2BF3B1E000A9B04F /* Resources */,
			);
			buildRules = (
			);
			dependencies = (
				61FA26712BF3B1E000A9B04F /* PBXTargetDependency */,
			);
			name = CoinUITests;
			productName = CoinUITests;
			productReference = 61FA266F2BF3B1E000A9B04F /* CoinUITests.xctest */;
			productType = "com.apple.product-type.bundle.ui-testing";
		};
/* End PBXNativeTarget section */

/* Begin PBXProject section */
		61FA264D2BF3B1DD00A9B04F /* Project object */ = {
			isa = PBXProject;
			attributes = {
				BuildIndependentTargetsInParallel = 1;
				LastSwiftUpdateCheck = 1530;
				LastUpgradeCheck = 1530;
				TargetAttributes = {
					61FA26542BF3B1DD00A9B04F = {
						CreatedOnToolsVersion = 15.3;
					};
					61FA26642BF3B1E000A9B04F = {
						CreatedOnToolsVersion = 15.3;
						TestTargetID = 61FA26542BF3B1DD00A9B04F;
					};
					61FA266E2BF3B1E000A9B04F = {
						CreatedOnToolsVersion = 15.3;
						TestTargetID = 61FA26542BF3B1DD00A9B04F;
					};
				};
			};
			buildConfigurationList = 61FA26502BF3B1DD00A9B04F /* Build configuration list for PBXProject "Coin" */;
			compatibilityVersion = "Xcode 14.0";
			developmentRegion = en;
			hasScannedForEncodings = 0;
			knownRegions = (
				en,
				Base,
			);
			mainGroup = 61FA264C2BF3B1DD00A9B04F;
			productRefGroup = 61FA26562BF3B1DD00A9B04F /* Products */;
			projectDirPath = "";
			projectRoot = "";
			targets = (
				61FA26542BF3B1DD00A9B04F /* Coin */,
				61FA26642BF3B1E000A9B04F /* CoinTests */,
				61FA266E2BF3B1E000A9B04F /* CoinUITests */,
			);
		};
/* End PBXProject section */

/* Begin PBXResourcesBuildPhase section */
		61FA26532BF3B1DD00A9B04F /* Resources */ = {
			isa = PBXResourcesBuildPhase;
			buildActionMask = 2147483647;
			files = (
				61FA26602BF3B1DF00A9B04F /* Preview Assets.xcassets in Resources */,
				61FA265D2BF3B1DF00A9B04F /* Assets.xcassets in Resources */,
			);
			runOnlyForDeploymentPostprocessing = 0;
		};
		61FA26632BF3B1E000A9B04F /* Resources */ = {
			isa = PBXResourcesBuildPhase;
			buildActionMask = 2147483647;
			files = (
			);
			runOnlyForDeploymentPostprocessing = 0;
		};
		61FA266D2BF3B1E000A9B04F /* Resources */ = {
			isa = PBXResourcesBuildPhase;
			buildActionMask = 2147483647;
			files = (
			);
			runOnlyForDeploymentPostprocessing = 0;
		};
/* End PBXResourcesBuildPhase section */

/* Begin PBXSourcesBuildPhase section */
		61FA26512BF3B1DD00A9B04F /* Sources */ = {
			isa = PBXSourcesBuildPhase;
			buildActionMask = 2147483647;
			files = (
				61FA26872BF3BA0E00A9B04F /* OrderBook.swift in Sources */,
				61FA26592BF3B1DD00A9B04F /* CoinApp.swift in Sources */,
				61FA26842BF3B65200A9B04F /* WebSocketManager.swift in Sources */,
			);
			runOnlyForDeploymentPostprocessing = 0;
		};
		61FA26612BF3B1E000A9B04F /* Sources */ = {
			isa = PBXSourcesBuildPhase;
			buildActionMask = 2147483647;
			files = (
				61FA266A2BF3B1E000A9B04F /* CoinTests.swift in Sources */,
			);
			runOnlyForDeploymentPostprocessing = 0;
		};
		61FA266B2BF3B1E000A9B04F /* Sources */ = {
			isa = PBXSourcesBuildPhase;
			buildActionMask = 2147483647;
			files = (
				61FA26742BF3B1E000A9B04F /* CoinUITests.swift in Sources */,
				61FA26762BF3B1E000A9B04F /* CoinUITestsLaunchTests.swift in Sources */,
			);
			runOnlyForDeploymentPostprocessing = 0;
		};
/* End PBXSourcesBuildPhase section */

/* Begin PBXTargetDependency section */
		61FA26672BF3B1E000A9B04F /* PBXTargetDependency */ = {
			isa = PBXTargetDependency;
			target = 61FA26542BF3B1DD00A9B04F /* Coin */;
			targetProxy = 61FA26662BF3B1E000A9B04F /* PBXContainerItemProxy */;
		};
		61FA26712BF3B1E000A9B04F /* PBXTargetDependency */ = {
			isa = PBXTargetDependency;
			target = 61FA26542BF3B1DD00A9B04F /* Coin */;
			targetProxy = 61FA26702BF3B1E000A9B04F /* PBXContainerItemProxy */;
		};
/* End PBXTargetDependency section */

/* Begin XCBuildConfiguration section */
		61FA26772BF3B1E000A9B04F /* Debug */ = {
			isa = XCBuildConfiguration;
			buildSettings = {
				ALWAYS_SEARCH_USER_PATHS = NO;
				ASSETCATALOG_COMPILER_GENERATE_SWIFT_ASSET_SYMBOL_EXTENSIONS = YES;
				CLANG_ANALYZER_NONNULL = YES;
				CLANG_ANALYZER_NUMBER_OBJECT_CONVERSION = YES_AGGRESSIVE;
				CLANG_CXX_LANGUAGE_STANDARD = "gnu++20";
				CLANG_ENABLE_MODULES = YES;
				CLANG_ENABLE_OBJC_ARC = YES;
				CLANG_ENABLE_OBJC_WEAK = YES;
				CLANG_WARN_BLOCK_CAPTURE_AUTORELEASING = YES;
				CLANG_WARN_BOOL_CONVERSION = YES;
				CLANG_WARN_COMMA = YES;
				CLANG_WARN_CONSTANT_CONVERSION = YES;
				CLANG_WARN_DEPRECATED_OBJC_IMPLEMENTATIONS = YES;
				CLANG_WARN_DIRECT_OBJC_ISA_USAGE = YES_ERROR;
				CLANG_WARN_DOCUMENTATION_COMMENTS = YES;
				CLANG_WARN_EMPTY_BODY = YES;
				CLANG_WARN_ENUM_CONVERSION = YES;
				CLANG_WARN_INFINITE_RECURSION = YES;
				CLANG_WARN_INT_CONVERSION = YES;
				CLANG_WARN_NON_LITERAL_NULL_CONVERSION = YES;
				CLANG_WARN_OBJC_IMPLICIT_RETAIN_SELF = YES;
				CLANG_WARN_OBJC_LITERAL_CONVERSION = YES;
				CLANG_WARN_OBJC_ROOT_CLASS = YES_ERROR;
				CLANG_WARN_QUOTED_INCLUDE_IN_FRAMEWORK_HEADER = YES;
				CLANG_WARN_RANGE_LOOP_ANALYSIS = YES;
				CLANG_WARN_STRICT_PROTOTYPES = YES;
				CLANG_WARN_SUSPICIOUS_MOVE = YES;
				CLANG_WARN_UNGUARDED_AVAILABILITY = YES_AGGRESSIVE;
				CLANG_WARN_UNREACHABLE_CODE = YES;
				CLANG_WARN__DUPLICATE_METHOD_MATCH = YES;
				COPY_PHASE_STRIP = NO;
				DEBUG_INFORMATION_FORMAT = dwarf;
				ENABLE_STRICT_OBJC_MSGSEND = YES;
				ENABLE_TESTABILITY = YES;
				ENABLE_USER_SCRIPT_SANDBOXING = YES;
				GCC_C_LANGUAGE_STANDARD = gnu17;
				GCC_DYNAMIC_NO_PIC = NO;
				GCC_NO_COMMON_BLOCKS = YES;
				GCC_OPTIMIZATION_LEVEL = 0;
				GCC_PREPROCESSOR_DEFINITIONS = (
					"DEBUG=1",
					"$(inherited)",
				);
				GCC_WARN_64_TO_32_BIT_CONVERSION = YES;
				GCC_WARN_ABOUT_RETURN_TYPE = YES_ERROR;
				GCC_WARN_UNDECLARED_SELECTOR = YES;
				GCC_WARN_UNINITIALIZED_AUTOS = YES_AGGRESSIVE;
				GCC_WARN_UNUSED_FUNCTION = YES;
				GCC_WARN_UNUSED_VARIABLE = YES;
				IPHONEOS_DEPLOYMENT_TARGET = 17.4;
				LOCALIZATION_PREFERS_STRING_CATALOGS = YES;
				MTL_ENABLE_DEBUG_INFO = INCLUDE_SOURCE;
				MTL_FAST_MATH = YES;
				ONLY_ACTIVE_ARCH = YES;
				SDKROOT = iphoneos;
				SWIFT_ACTIVE_COMPILATION_CONDITIONS = "DEBUG $(inherited)";
				SWIFT_OPTIMIZATION_LEVEL = "-Onone";
			};
			name = Debug;
		};
		61FA26782BF3B1E000A9B04F /* Release */ = {
			isa = XCBuildConfiguration;
			buildSettings = {
				ALWAYS_SEARCH_USER_PATHS = NO;
				ASSETCATALOG_COMPILER_GENERATE_SWIFT_ASSET_SYMBOL_EXTENSIONS = YES;
				CLANG_ANALYZER_NONNULL = YES;
				CLANG_ANALYZER_NUMBER_OBJECT_CONVERSION = YES_AGGRESSIVE;
				CLANG_CXX_LANGUAGE_STANDARD = "gnu++20";
				CLANG_ENABLE_MODULES = YES;
				CLANG_ENABLE_OBJC_ARC = YES;
				CLANG_ENABLE_OBJC_WEAK = YES;
				CLANG_WARN_BLOCK_CAPTURE_AUTORELEASING = YES;
				CLANG_WARN_BOOL_CONVERSION = YES;
				CLANG_WARN_COMMA = YES;
				CLANG_WARN_CONSTANT_CONVERSION = YES;
				CLANG_WARN_DEPRECATED_OBJC_IMPLEMENTATIONS = YES;
				CLANG_WARN_DIRECT_OBJC_ISA_USAGE = YES_ERROR;
				CLANG_WARN_DOCUMENTATION_COMMENTS = YES;
				CLANG_WARN_EMPTY_BODY = YES;
				CLANG_WARN_ENUM_CONVERSION = YES;
				CLANG_WARN_INFINITE_RECURSION = YES;
				CLANG_WARN_INT_CONVERSION = YES;
				CLANG_WARN_NON_LITERAL_NULL_CONVERSION = YES;
				CLANG_WARN_OBJC_IMPLICIT_RETAIN_SELF = YES;
				CLANG_WARN_OBJC_LITERAL_CONVERSION = YES;
				CLANG_WARN_OBJC_ROOT_CLASS = YES_ERROR;
				CLANG_WARN_QUOTED_INCLUDE_IN_FRAMEWORK_HEADER = YES;
				CLANG_WARN_RANGE_LOOP_ANALYSIS = YES;
				CLANG_WARN_STRICT_PROTOTYPES = YES;
				CLANG_WARN_SUSPICIOUS_MOVE = YES;
				CLANG_WARN_UNGUARDED_AVAILABILITY = YES_AGGRESSIVE;
				CLANG_WARN_UNREACHABLE_CODE = YES;
				CLANG_WARN__DUPLICATE_METHOD_MATCH = YES;
				COPY_PHASE_STRIP = NO;
				DEBUG_INFORMATION_FORMAT = "dwarf-with-dsym";
				ENABLE_NS_ASSERTIONS = NO;
				ENABLE_STRICT_OBJC_MSGSEND = YES;
				ENABLE_USER_SCRIPT_SANDBOXING = YES;
				GCC_C_LANGUAGE_STANDARD = gnu17;
				GCC_NO_COMMON_BLOCKS = YES;
				GCC_WARN_64_TO_32_BIT_CONVERSION = YES;
				GCC_WARN_ABOUT_RETURN_TYPE = YES_ERROR;
				GCC_WARN_UNDECLARED_SELECTOR = YES;
				GCC_WARN_UNINITIALIZED_AUTOS = YES_AGGRESSIVE;
				GCC_WARN_UNUSED_FUNCTION = YES;
				GCC_WARN_UNUSED_VARIABLE = YES;
				IPHONEOS_DEPLOYMENT_TARGET = 17.4;
				LOCALIZATION_PREFERS_STRING_CATALOGS = YES;
				MTL_ENABLE_DEBUG_INFO = NO;
				MTL_FAST_MATH = YES;
				SDKROOT = iphoneos;
				SWIFT_COMPILATION_MODE = wholemodule;
				VALIDATE_PRODUCT = YES;
			};
			name = Release;
		};
		61FA267A2BF3B1E000A9B04F /* Debug */ = {
			isa = XCBuildConfiguration;
			buildSettings = {
				ASSETCATALOG_COMPILER_APPICON_NAME = AppIcon;
				ASSETCATALOG_COMPILER_GLOBAL_ACCENT_COLOR_NAME = AccentColor;
				CODE_SIGN_STYLE = Automatic;
				CURRENT_PROJECT_VERSION = 1;
				DEVELOPMENT_ASSET_PATHS = "\"Coin/Preview Content\"";
				DEVELOPMENT_TEAM = T2Q8P9627P;
				ENABLE_PREVIEWS = YES;
				GENERATE_INFOPLIST_FILE = YES;
				INFOPLIST_KEY_UIApplicationSceneManifest_Generation = YES;
				INFOPLIST_KEY_UIApplicationSupportsIndirectInputEvents = YES;
				INFOPLIST_KEY_UILaunchScreen_Generation = YES;
				INFOPLIST_KEY_UISupportedInterfaceOrientations_iPad = "UIInterfaceOrientationPortrait UIInterfaceOrientationPortraitUpsideDown UIInterfaceOrientationLandscapeLeft UIInterfaceOrientationLandscapeRight";
				INFOPLIST_KEY_UISupportedInterfaceOrientations_iPhone = "UIInterfaceOrientationPortrait UIInterfaceOrientationLandscapeLeft UIInterfaceOrientationLandscapeRight";
				LD_RUNPATH_SEARCH_PATHS = (
					"$(inherited)",
					"@executable_path/Frameworks",
				);
				MARKETING_VERSION = 1.0;
				PRODUCT_BUNDLE_IDENTIFIER = com.yuz.Coin;
				PRODUCT_NAME = "$(TARGET_NAME)";
				SWIFT_EMIT_LOC_STRINGS = YES;
				SWIFT_VERSION = 5.0;
				TARGETED_DEVICE_FAMILY = "1,2";
			};
			name = Debug;
		};
		61FA267B2BF3B1E000A9B04F /* Release */ = {
			isa = XCBuildConfiguration;
			buildSettings = {
				ASSETCATALOG_COMPILER_APPICON_NAME = AppIcon;
				ASSETCATALOG_COMPILER_GLOBAL_ACCENT_COLOR_NAME = AccentColor;
				CODE_SIGN_STYLE = Automatic;
				CURRENT_PROJECT_VERSION = 1;
				DEVELOPMENT_ASSET_PATHS = "\"Coin/Preview Content\"";
				DEVELOPMENT_TEAM = T2Q8P9627P;
				ENABLE_PREVIEWS = YES;
				GENERATE_INFOPLIST_FILE = YES;
				INFOPLIST_KEY_UIApplicationSceneManifest_Generation = YES;
				INFOPLIST_KEY_UIApplicationSupportsIndirectInputEvents = YES;
				INFOPLIST_KEY_UILaunchScreen_Generation = YES;
				INFOPLIST_KEY_UISupportedInterfaceOrientations_iPad = "UIInterfaceOrientationPortrait UIInterfaceOrientationPortraitUpsideDown UIInterfaceOrientationLandscapeLeft UIInterfaceOrientationLandscapeRight";
				INFOPLIST_KEY_UISupportedInterfaceOrientations_iPhone = "UIInterfaceOrientationPortrait UIInterfaceOrientationLandscapeLeft UIInterfaceOrientationLandscapeRight";
				LD_RUNPATH_SEARCH_PATHS = (
					"$(inherited)",
					"@executable_path/Frameworks",
				);
				MARKETING_VERSION = 1.0;
				PRODUCT_BUNDLE_IDENTIFIER = com.yuz.Coin;
				PRODUCT_NAME = "$(TARGET_NAME)";
				SWIFT_EMIT_LOC_STRINGS = YES;
				SWIFT_VERSION = 5.0;
				TARGETED_DEVICE_FAMILY = "1,2";
			};
			name = Release;
		};
		61FA267D2BF3B1E000A9B04F /* Debug */ = {
			isa = XCBuildConfiguration;
			buildSettings = {
				ALWAYS_EMBED_SWIFT_STANDARD_LIBRARIES = YES;
				BUNDLE_LOADER = "$(TEST_HOST)";
				CODE_SIGN_STYLE = Automatic;
				CURRENT_PROJECT_VERSION = 1;
				DEVELOPMENT_TEAM = T2Q8P9627P;
				GENERATE_INFOPLIST_FILE = YES;
				IPHONEOS_DEPLOYMENT_TARGET = 17.4;
				MARKETING_VERSION = 1.0;
				PRODUCT_BUNDLE_IDENTIFIER = com.yuz.CoinTests;
				PRODUCT_NAME = "$(TARGET_NAME)";
				SWIFT_EMIT_LOC_STRINGS = NO;
				SWIFT_VERSION = 5.0;
				TARGETED_DEVICE_FAMILY = "1,2";
				TEST_HOST = "$(BUILT_PRODUCTS_DIR)/Coin.app/$(BUNDLE_EXECUTABLE_FOLDER_PATH)/Coin";
			};
			name = Debug;
		};
		61FA267E2BF3B1E000A9B04F /* Release */ = {
			isa = XCBuildConfiguration;
			buildSettings = {
				ALWAYS_EMBED_SWIFT_STANDARD_LIBRARIES = YES;
				BUNDLE_LOADER = "$(TEST_HOST)";
				CODE_SIGN_STYLE = Automatic;
				CURRENT_PROJECT_VERSION = 1;
				DEVELOPMENT_TEAM = T2Q8P9627P;
				GENERATE_INFOPLIST_FILE = YES;
				IPHONEOS_DEPLOYMENT_TARGET = 17.4;
				MARKETING_VERSION = 1.0;
				PRODUCT_BUNDLE_IDENTIFIER = com.yuz.CoinTests;
				PRODUCT_NAME = "$(TARGET_NAME)";
				SWIFT_EMIT_LOC_STRINGS = NO;
				SWIFT_VERSION = 5.0;
				TARGETED_DEVICE_FAMILY = "1,2";
				TEST_HOST = "$(BUILT_PRODUCTS_DIR)/Coin.app/$(BUNDLE_EXECUTABLE_FOLDER_PATH)/Coin";
			};
			name = Release;
		};
		61FA26802BF3B1E000A9B04F /* Debug */ = {
			isa = XCBuildConfiguration;
			buildSettings = {
				ALWAYS_EMBED_SWIFT_STANDARD_LIBRARIES = YES;
				CODE_SIGN_STYLE = Automatic;
				CURRENT_PROJECT_VERSION = 1;
				DEVELOPMENT_TEAM = T2Q8P9627P;
				GENERATE_INFOPLIST_FILE = YES;
				MARKETING_VERSION = 1.0;
				PRODUCT_BUNDLE_IDENTIFIER = com.yuz.CoinUITests;
				PRODUCT_NAME = "$(TARGET_NAME)";
				SWIFT_EMIT_LOC_STRINGS = NO;
				SWIFT_VERSION = 5.0;
				TARGETED_DEVICE_FAMILY = "1,2";
				TEST_TARGET_NAME = Coin;
			};
			name = Debug;
		};
		61FA26812BF3B1E000A9B04F /* Release */ = {
			isa = XCBuildConfiguration;
			buildSettings = {
				ALWAYS_EMBED_SWIFT_STANDARD_LIBRARIES = YES;
				CODE_SIGN_STYLE = Automatic;
				CURRENT_PROJECT_VERSION = 1;
				DEVELOPMENT_TEAM = T2Q8P9627P;
				GENERATE_INFOPLIST_FILE = YES;
				MARKETING_VERSION = 1.0;
				PRODUCT_BUNDLE_IDENTIFIER = com.yuz.CoinUITests;
				PRODUCT_NAME = "$(TARGET_NAME)";
				SWIFT_EMIT_LOC_STRINGS = NO;
				SWIFT_VERSION = 5.0;
				TARGETED_DEVICE_FAMILY = "1,2";
				TEST_TARGET_NAME = Coin;
			};
			name = Release;
		};
/* End XCBuildConfiguration section */

/* Begin XCConfigurationList section */
		61FA26502BF3B1DD00A9B04F /* Build configuration list for PBXProject "Coin" */ = {
			isa = XCConfigurationList;
			buildConfigurations = (
				61FA26772BF3B1E000A9B04F /* Debug */,
				61FA26782BF3B1E000A9B04F /* Release */,
			);
			defaultConfigurationIsVisible = 0;
			defaultConfigurationName = Release;
		};
		61FA26792BF3B1E000A9B04F /* Build configuration list for PBXNativeTarget "Coin" */ = {
			isa = XCConfigurationList;
			buildConfigurations = (
				61FA267A2BF3B1E000A9B04F /* Debug */,
				61FA267B2BF3B1E000A9B04F /* Release */,
			);
			defaultConfigurationIsVisible = 0;
			defaultConfigurationName = Release;
		};
		61FA267C2BF3B1E000A9B04F /* Build configuration list for PBXNativeTarget "CoinTests" */ = {
			isa = XCConfigurationList;
			buildConfigurations = (
				61FA267D2BF3B1E000A9B04F /* Debug */,
				61FA267E2BF3B1E000A9B04F /* Release */,
			);
			defaultConfigurationIsVisible = 0;
			defaultConfigurationName = Release;
		};
		61FA267F2BF3B1E000A9B04F /* Build configuration list for PBXNativeTarget "CoinUITests" */ = {
			isa = XCConfigurationList;
			buildConfigurations = (
				61FA26802BF3B1E000A9B04F /* Debug */,
				61FA26812BF3B1E000A9B04F /* Release */,
			);
			defaultConfigurationIsVisible = 0;
			defaultConfigurationName = Release;
		};
/* End XCConfigurationList section */
	};
	rootObject = 61FA264D2BF3B1DD00A9B04F /* Project object */;
}
